
Microsoft Visual Studio Solution File, Format Version 12.00
# Visual Studio Version 17
VisualStudioVersion = 17.14.36603.0
MinimumVisualStudioVersion = 10.0.40219.1
Project("{FAE04EC0-301F-11D3-BF4B-00C04F79EFBC}") = "Vsa.Domain", "src\Vsa.Domain\Vsa.Domain.csproj", "{B430BF03-D234-4D3D-B8E9-F6C414888352}"
EndProject
Project("{FAE04EC0-301F-11D3-BF4B-00C04F79EFBC}") = "Vsa.Application", "src\Vsa.Application\Vsa.Application.csproj", "{231F3F3A-0EE2-4AE0-A61D-F2DA516043BE}"
EndProject
Project("{FAE04EC0-301F-11D3-BF4B-00C04F79EFBC}") = "Vsa.Infra", "src\Vsa.Infra\Vsa.Infra.csproj", "{6F2E3D2A-DCC1-4B38-869C-04DA39FE4D1F}"
EndProject
Project("{FAE04EC0-301F-11D3-BF4B-00C04F79EFBC}") = "Vsa.Api", "src\Vsa.Api\Vsa.Api.csproj", "{1A7394BF-2379-43C5-BACA-A06C1DED3FE5}"
EndProject
Project("{2150E333-8FDC-42A3-9474-1A3956D46DE8}") = "src", "src", "{02EA681E-C7D8-13C7-8484-4AC65E1B71E8}"
EndProject
Global
	GlobalSection(SolutionConfigurationPlatforms) = preSolution
		Debug|Any CPU = Debug|Any CPU
		Release|Any CPU = Release|Any CPU
	EndGlobalSection
	GlobalSection(ProjectConfigurationPlatforms) = postSolution
		{B430BF03-D234-4D3D-B8E9-F6C414888352}.Debug|Any CPU.ActiveCfg = Debug|Any CPU
		{B430BF03-D234-4D3D-B8E9-F6C414888352}.Debug|Any CPU.Build.0 = Debug|Any CPU
		{B430BF03-D234-4D3D-B8E9-F6C414888352}.Release|Any CPU.ActiveCfg = Release|Any CPU
		{B430BF03-D234-4D3D-B8E9-F6C414888352}.Release|Any CPU.Build.0 = Release|Any CPU
		{231F3F3A-0EE2-4AE0-A61D-F2DA516043BE}.Debug|Any CPU.ActiveCfg = Debug|Any CPU
		{231F3F3A-0EE2-4AE0-A61D-F2DA516043BE}.Debug|Any CPU.Build.0 = Debug|Any CPU
		{231F3F3A-0EE2-4AE0-A61D-F2DA516043BE}.Release|Any CPU.ActiveCfg = Release|Any CPU
		{231F3F3A-0EE2-4AE0-A61D-F2DA516043BE}.Release|Any CPU.Build.0 = Release|Any CPU
		{6F2E3D2A-DCC1-4B38-869C-04DA39FE4D1F}.Debug|Any CPU.ActiveCfg = Debug|Any CPU
		{6F2E3D2A-DCC1-4B38-869C-04DA39FE4D1F}.Debug|Any CPU.Build.0 = Debug|Any CPU
		{6F2E3D2A-DCC1-4B38-869C-04DA39FE4D1F}.Release|Any CPU.ActiveCfg = Release|Any CPU
		{6F2E3D2A-DCC1-4B38-869C-04DA39FE4D1F}.Release|Any CPU.Build.0 = Release|Any CPU
		{1A7394BF-2379-43C5-BACA-A06C1DED3FE5}.Debug|Any CPU.ActiveCfg = Debug|Any CPU
		{1A7394BF-2379-43C5-BACA-A06C1DED3FE5}.Debug|Any CPU.Build.0 = Debug|Any CPU
		{1A7394BF-2379-43C5-BACA-A06C1DED3FE5}.Release|Any CPU.ActiveCfg = Release|Any CPU
		{1A7394BF-2379-43C5-BACA-A06C1DED3FE5}.Release|Any CPU.Build.0 = Release|Any CPU
	EndGlobalSection
	GlobalSection(SolutionProperties) = preSolution
		HideSolutionNode = FALSE
	EndGlobalSection
	GlobalSection(NestedProjects) = preSolution
		{B430BF03-D234-4D3D-B8E9-F6C414888352} = {02EA681E-C7D8-13C7-8484-4AC65E1B71E8}
		{231F3F3A-0EE2-4AE0-A61D-F2DA516043BE} = {02EA681E-C7D8-13C7-8484-4AC65E1B71E8}
		{6F2E3D2A-DCC1-4B38-869C-04DA39FE4D1F} = {02EA681E-C7D8-13C7-8484-4AC65E1B71E8}
		{1A7394BF-2379-43C5-BACA-A06C1DED3FE5} = {02EA681E-C7D8-13C7-8484-4AC65E1B71E8}
	EndGlobalSection
	GlobalSection(ExtensibilityGlobals) = postSolution
		        SolutionGuid = {F9527463-9493-4F79-97A3-1B96489AF465}
	EndGlobalSection
EndGlobal
